
Microsoft Visual Studio Solution File, Format Version 12.00
Project("{FAE04EC0-301F-11D3-BF4B-00C04F79EFBC}") = "EASV_PetShop.UI", "EASV_PetShop.UI\EASV_PetShop.UI.csproj", "{9ACDB137-D063-494D-9129-7AE63E017D2D}"
EndProject
Project("{FAE04EC0-301F-11D3-BF4B-00C04F79EFBC}") = "EASV_PetShop.Core", "EASV_PetShop.Core\EASV_PetShop.Core.csproj", "{7FBB9F17-C10C-4DED-96A7-AF84B3DE538A}"
EndProject
Project("{FAE04EC0-301F-11D3-BF4B-00C04F79EFBC}") = "EASV_PetShop.Core.Entity", "EASV_PetShop.Core.Entity\EASV_PetShop.Core.Entity.csproj", "{57E56F7E-244A-483C-AC27-340390787FAE}"
EndProject
Project("{FAE04EC0-301F-11D3-BF4B-00C04F79EFBC}") = "EASV_PetShop.Infrastructure.Static.Data", "EASV_PetShop.Infrastructure.Static.Data\EASV_PetShop.Infrastructure.Static.Data.csproj", "{425153E7-8220-40B5-9B15-D18C627026A1}"
EndProject
Project("{2150E333-8FDC-42A3-9474-1A3956D46DE8}") = "Core", "Core", "{1ED686D5-253C-4EA0-A8DB-2B370C9ED3A4}"
EndProject
Project("{2150E333-8FDC-42A3-9474-1A3956D46DE8}") = "UI", "UI", "{9DFE3700-B0ED-42DA-A7AC-F58F83687419}"
EndProject
Project("{2150E333-8FDC-42A3-9474-1A3956D46DE8}") = "Infrastructure", "Infrastructure", "{0C6949EE-0D4B-4B2D-A113-86EABE8B2AD8}"
EndProject
Global
	GlobalSection(SolutionConfigurationPlatforms) = preSolution
		Debug|Any CPU = Debug|Any CPU
		Release|Any CPU = Release|Any CPU
	EndGlobalSection
	GlobalSection(ProjectConfigurationPlatforms) = postSolution
		{9ACDB137-D063-494D-9129-7AE63E017D2D}.Debug|Any CPU.ActiveCfg = Debug|Any CPU
		{9ACDB137-D063-494D-9129-7AE63E017D2D}.Debug|Any CPU.Build.0 = Debug|Any CPU
		{9ACDB137-D063-494D-9129-7AE63E017D2D}.Release|Any CPU.ActiveCfg = Release|Any CPU
		{9ACDB137-D063-494D-9129-7AE63E017D2D}.Release|Any CPU.Build.0 = Release|Any CPU
		{7FBB9F17-C10C-4DED-96A7-AF84B3DE538A}.Debug|Any CPU.ActiveCfg = Debug|Any CPU
		{7FBB9F17-C10C-4DED-96A7-AF84B3DE538A}.Debug|Any CPU.Build.0 = Debug|Any CPU
		{7FBB9F17-C10C-4DED-96A7-AF84B3DE538A}.Release|Any CPU.ActiveCfg = Release|Any CPU
		{7FBB9F17-C10C-4DED-96A7-AF84B3DE538A}.Release|Any CPU.Build.0 = Release|Any CPU
		{57E56F7E-244A-483C-AC27-340390787FAE}.Debug|Any CPU.ActiveCfg = Debug|Any CPU
		{57E56F7E-244A-483C-AC27-340390787FAE}.Debug|Any CPU.Build.0 = Debug|Any CPU
		{57E56F7E-244A-483C-AC27-340390787FAE}.Release|Any CPU.ActiveCfg = Release|Any CPU
		{57E56F7E-244A-483C-AC27-340390787FAE}.Release|Any CPU.Build.0 = Release|Any CPU
		{425153E7-8220-40B5-9B15-D18C627026A1}.Debug|Any CPU.ActiveCfg = Debug|Any CPU
		{425153E7-8220-40B5-9B15-D18C627026A1}.Debug|Any CPU.Build.0 = Debug|Any CPU
		{425153E7-8220-40B5-9B15-D18C627026A1}.Release|Any CPU.ActiveCfg = Release|Any CPU
		{425153E7-8220-40B5-9B15-D18C627026A1}.Release|Any CPU.Build.0 = Release|Any CPU
	EndGlobalSection
	GlobalSection(NestedProjects) = preSolution
		{57E56F7E-244A-483C-AC27-340390787FAE} = {1ED686D5-253C-4EA0-A8DB-2B370C9ED3A4}
		{7FBB9F17-C10C-4DED-96A7-AF84B3DE538A} = {1ED686D5-253C-4EA0-A8DB-2B370C9ED3A4}
		{9ACDB137-D063-494D-9129-7AE63E017D2D} = {9DFE3700-B0ED-42DA-A7AC-F58F83687419}
		{425153E7-8220-40B5-9B15-D18C627026A1} = {0C6949EE-0D4B-4B2D-A113-86EABE8B2AD8}
	EndGlobalSection
EndGlobal
